# THIS IS AN AUTOGENERATED FILE. DO NOT EDIT THIS FILE DIRECTLY.
# yarn lockfile v1


"@floating-ui/core@^1.4.2":
  version "1.5.0"
  resolved "https://registry.yarnpkg.com/@floating-ui/core/-/core-1.5.0.tgz#5c05c60d5ae2d05101c3021c1a2a350ddc027f8c"
  integrity sha512-kK1h4m36DQ0UHGj5Ah4db7R0rHemTqqO0QLvUqi1/mUUp3LuAWbWxdxSIf/XsnH9VS6rRVPLJCncjRzUvyCLXg==
  dependencies:
    "@floating-ui/utils" "^0.1.3"

"@floating-ui/dom@^1.0.0":
  version "1.5.3"
  resolved "https://registry.yarnpkg.com/@floating-ui/dom/-/dom-1.5.3.tgz#54e50efcb432c06c23cd33de2b575102005436fa"
  integrity sha512-ClAbQnEqJAKCJOEbbLo5IUlZHkNszqhuxS4fHAVxRPXPya6Ysf2G8KypnYcOTpx6I8xcgF9bbHb6g/2KpbV8qA==
  dependencies:
    "@floating-ui/core" "^1.4.2"
    "@floating-ui/utils" "^0.1.3"

"@floating-ui/utils@^0.1.3":
  version "0.1.6"
  resolved "https://registry.yarnpkg.com/@floating-ui/utils/-/utils-0.1.6.tgz#22958c042e10b67463997bd6ea7115fe28cbcaf9"
  integrity sha512-OfX7E2oUDYxtBvsuS4e/jSn4Q9Qb6DzgeYtsAdkPZ47znpoNsMgZw0+tVijiv3uGNR6dgNlty6r9rzIzHjtd/A==

"@picmo/popup-picker@^5.8.5":
  version "5.8.5"
  resolved "https://registry.yarnpkg.com/@picmo/popup-picker/-/popup-picker-5.8.5.tgz#081eb027d4fc88833642871d758665f9ec3397b2"
  integrity sha512-s5BGZps8LnhEeO4EMU+t8Wcc05gtbzJvdD5vovulof18+uxN2tMFpX6RMpKwhh49AQMk2EK1t31PEyjAIK7UVw==
  dependencies:
    "@floating-ui/dom" "^1.0.0"

emojibase@^6.1.0:
  version "6.1.0"
  resolved "https://registry.yarnpkg.com/emojibase/-/emojibase-6.1.0.tgz#c3bc281e998a0e06398416090c23bac8c5ed3ee8"
  integrity sha512-1GkKJPXP6tVkYJHOBSJHoGOr/6uaDxZ9xJ6H7m6PfdGXTmQgbALHLWaVRY4Gi/qf5x/gT/NUXLPuSHYLqtLtrQ==

picmo@^5.8.5:
  version "5.8.5"
  resolved "https://registry.yarnpkg.com/picmo/-/picmo-5.8.5.tgz#0719390979d638817d05d000a3b086cc93b71ebf"
  integrity sha512-7I8jfuHALF9lkt3d+XCZGP+IwH7g91vYZv6XtRnJ99IDjnm92zel0L5DEo2FX0oaHUwRMBD/kn2knTZqwItudQ==
  dependencies:
    emojibase "^6.1.0"
